
Microsoft Visual Studio Solution File, Format Version 12.00
# Visual Studio Version 17
VisualStudioVersion = 17.1.32228.430
MinimumVisualStudioVersion = 10.0.40219.1
Project("{FAE04EC0-301F-11D3-BF4B-00C04F79EFBC}") = "QLXN_TU", "QLXN_TU\QLXN_TU.csproj", "{45F8E35E-9C9D-48D1-864A-81457FBF1D00}"
EndProject
Project("{FAE04EC0-301F-11D3-BF4B-00C04F79EFBC}") = "QLXN_DatabaseProvider", "ClassLibrary1\QLXN_DatabaseProvider.csproj", "{45654C05-E6CC-4639-89BE-82606F7423B4}"
EndProject
Project("{FAE04EC0-301F-11D3-BF4B-00C04F79EFBC}") = "QLXN_DatabaseIO", "DatabaseIO\QLXN_DatabaseIO.csproj", "{BE0E79F9-FBA3-4920-B67A-8E991884ADB5}"
EndProject
Global
	GlobalSection(SolutionConfigurationPlatforms) = preSolution
		Debug|Any CPU = Debug|Any CPU
		Release|Any CPU = Release|Any CPU
	EndGlobalSection
	GlobalSection(ProjectConfigurationPlatforms) = postSolution
		{45F8E35E-9C9D-48D1-864A-81457FBF1D00}.Debug|Any CPU.ActiveCfg = Debug|Any CPU
		{45F8E35E-9C9D-48D1-864A-81457FBF1D00}.Debug|Any CPU.Build.0 = Debug|Any CPU
		{45F8E35E-9C9D-48D1-864A-81457FBF1D00}.Release|Any CPU.ActiveCfg = Release|Any CPU
		{45F8E35E-9C9D-48D1-864A-81457FBF1D00}.Release|Any CPU.Build.0 = Release|Any CPU
		{45654C05-E6CC-4639-89BE-82606F7423B4}.Debug|Any CPU.ActiveCfg = Debug|Any CPU
		{45654C05-E6CC-4639-89BE-82606F7423B4}.Debug|Any CPU.Build.0 = Debug|Any CPU
		{45654C05-E6CC-4639-89BE-82606F7423B4}.Release|Any CPU.ActiveCfg = Release|Any CPU
		{45654C05-E6CC-4639-89BE-82606F7423B4}.Release|Any CPU.Build.0 = Release|Any CPU
		{BE0E79F9-FBA3-4920-B67A-8E991884ADB5}.Debug|Any CPU.ActiveCfg = Debug|Any CPU
		{BE0E79F9-FBA3-4920-B67A-8E991884ADB5}.Debug|Any CPU.Build.0 = Debug|Any CPU
		{BE0E79F9-FBA3-4920-B67A-8E991884ADB5}.Release|Any CPU.ActiveCfg = Release|Any CPU
		{BE0E79F9-FBA3-4920-B67A-8E991884ADB5}.Release|Any CPU.Build.0 = Release|Any CPU
	EndGlobalSection
	GlobalSection(SolutionProperties) = preSolution
		HideSolutionNode = FALSE
	EndGlobalSection
	GlobalSection(ExtensibilityGlobals) = postSolution
		SolutionGuid = {F4E0A5D9-DA14-4EC2-9646-8EACF886242B}
	EndGlobalSection
EndGlobal
